# This file is autogenerated, do not edit; changes may be undone by the next 'dep ensure'.


[[projects]]
  digest = "1:02c7a8570f619bdb5620e8f6a16407455c8e63433d8a9e829f618813dc7f89a5"
  name = "github.com/golang/protobuf"
  packages = [
    "internal/gengogrpc",
    "proto",
    "protoc-gen-go",
    "protoc-gen-go/descriptor",
    "protoc-gen-go/generator",
    "protoc-gen-go/generator/internal/remap",
    "protoc-gen-go/plugin",
    "ptypes",
    "ptypes/any",
    "ptypes/duration",
    "ptypes/timestamp",
    "ptypes/wrappers",
  ]
  pruneopts = ""
  revision = "d04d7b157bb510b1e0c10132224b616ac0e26b17"
  version = "v1.4.2"

[[projects]]
  branch = "master"
  digest = "1:67bcf41677f33b22aee1b82e9460aa093a96cfe4877445dd19ea950c200a47ab"
  name = "github.com/iancoleman/strcase"
  packages = ["."]
  pruneopts = ""
  revision = "3605ed457bf7f8caa1371b4fafadadc026673479"

[[projects]]
  digest = "1:564614b0718060503036525c3e7097df0e57f280f7ff6f17948f1f51234f9bb0"
  name = "github.com/lyft/protoc-gen-star"
  packages = [
    ".",
    "lang/go",
  ]
  pruneopts = ""
  revision = "823d49f5d3173aa539aa885ad369c91baa12b1f9"
  version = "v0.4.15"

[[projects]]
  digest = "1:d0431c2fd72e39ee43ea7742322abbc200c3e704c9102c5c3c2e2e667095b0ca"
  name = "github.com/spf13/afero"
  packages = [
    ".",
    "mem",
  ]
  pruneopts = ""
  revision = "d40851caa0d747393da1ffb28f7f9d8b4eeffebd"
  version = "v1.1.2"

[[projects]]
  branch = "master"
  digest = "1:238bca6a38d3334c306f8a900718ff241c38e947f40f92f5225e5e35f4e9dff4"
  name = "golang.org/x/lint"
  packages = [
    ".",
    "golint",
  ]
  pruneopts = ""
  revision = "738671d3881b9731cc63024d5d88cf28db875626"

[[projects]]
  digest = "1:ba49944a3238ae8f163c85b6d01d2db51cd5b09807105a3cfaacbd414744ca82"
  name = "golang.org/x/mod"
  packages = ["semver"]
  pruneopts = ""
  revision = "859b3ef565e237f9f1a0fb6b55385c497545680d"
  version = "v0.3.0"

[[projects]]
  branch = "master"
  digest = "1:b001b57f383ecbebb54c3916ca6b8be129a6486d3dbf2dfc722cbb0a0b2a8679"
  name = "golang.org/x/net"
  packages = ["context"]
  pruneopts = ""
  revision = "9b4f9f5ad5197c79fd623a3638e70d8b26cef344"

[[projects]]
  digest = "1:5acd3512b047305d49e8763eef7ba423901e85d5dd2fd1e71778a0ea8de10bd4"
  name = "golang.org/x/text"
  packages = [
    "internal/gen",
    "internal/triegen",
    "internal/ucd",
    "transform",
    "unicode/cldr",
    "unicode/norm",
  ]
  pruneopts = ""
  revision = "f21a4dfb5e38f5895301dc265a8def02365cc3d0"
  version = "v0.3.0"

[[projects]]
  branch = "master"
  digest = "1:794ec1041d519b4b0f9b2e1c94ae9500c39bf94c38ab83925236fe535b035f1f"
  name = "golang.org/x/tools"
  packages = [
    "go/analysis",
    "go/analysis/internal/analysisflags",
    "go/analysis/internal/checker",
    "go/analysis/internal/facts",
    "go/analysis/passes/asmdecl",
    "go/analysis/passes/assign",
    "go/analysis/passes/atomic",
    "go/analysis/passes/bools",
    "go/analysis/passes/buildtag",
    "go/analysis/passes/cgocall",
    "go/analysis/passes/composite",
    "go/analysis/passes/copylock",
    "go/analysis/passes/ctrlflow",
    "go/analysis/passes/errorsas",
    "go/analysis/passes/httpresponse",
    "go/analysis/passes/inspect",
    "go/analysis/passes/internal/analysisutil",
    "go/analysis/passes/loopclosure",
    "go/analysis/passes/lostcancel",
    "go/analysis/passes/nilfunc",
    "go/analysis/passes/printf",
    "go/analysis/passes/shadow",
    "go/analysis/passes/shadow/cmd/shadow",
    "go/analysis/passes/shift",
    "go/analysis/passes/stdmethods",
    "go/analysis/passes/structtag",
    "go/analysis/passes/tests",
    "go/analysis/passes/unmarshal",
    "go/analysis/passes/unreachable",
    "go/analysis/passes/unsafeptr",
    "go/analysis/passes/unusedresult",
    "go/analysis/singlechecker",
    "go/analysis/unitchecker",
    "go/ast/astutil",
    "go/ast/inspector",
    "go/cfg",
    "go/gcexportdata",
    "go/internal/gcimporter",
    "go/internal/packagesdriver",
    "go/packages",
    "go/types/objectpath",
    "go/types/typeutil",
    "internal/analysisinternal",
    "internal/event",
    "internal/event/core",
    "internal/event/keys",
    "internal/event/label",
    "internal/gocommand",
    "internal/packagesinternal",
    "internal/span",
    "internal/typesinternal",
  ]
  pruneopts = ""
  revision = "b5fad4ed8dd65a3d7aae567b1f4e751b8ca72837"

[[projects]]
  branch = "master"
  digest = "1:9d4ac09a835404ae9306c6e1493cf800ecbb0f3f828f4333b3e055de4c962eea"
  name = "golang.org/x/xerrors"
  packages = [
    ".",
    "internal",
  ]
  pruneopts = ""
  revision = "9bdfabe68543c54f90421aeb9a60ef8061b5b544"

[[projects]]
  digest = "1:0d049ff01749ce1d6092c85cb90a02dfdb3b401939b13415b7e608f36bc8ecee"
  name = "google.golang.org/protobuf"
  packages = [
    "cmd/protoc-gen-go/internal_gengo",
    "compiler/protogen",
    "encoding/prototext",
    "encoding/protowire",
    "internal/descfmt",
    "internal/descopts",
    "internal/detrand",
    "internal/encoding/defval",
    "internal/encoding/messageset",
    "internal/encoding/tag",
    "internal/encoding/text",
    "internal/errors",
    "internal/fieldsort",
    "internal/filedesc",
    "internal/filetype",
    "internal/flags",
    "internal/genid",
    "internal/impl",
    "internal/mapsort",
    "internal/pragma",
    "internal/set",
    "internal/strs",
    "internal/version",
    "proto",
    "reflect/protodesc",
    "reflect/protoreflect",
    "reflect/protoregistry",
    "runtime/protoiface",
    "runtime/protoimpl",
    "types/descriptorpb",
    "types/known/anypb",
    "types/known/durationpb",
    "types/known/timestamppb",
    "types/known/wrapperspb",
    "types/pluginpb",
  ]
  pruneopts = ""
  revision = "3f7a61f89bb6813f89d981d1870ed68da0b3c3f1"
  version = "v1.25.0"

[solve-meta]
  analyzer-name = "dep"
  analyzer-version = 1
  input-imports = [
    "github.com/golang/protobuf/proto",
    "github.com/golang/protobuf/protoc-gen-go",
    "github.com/golang/protobuf/protoc-gen-go/descriptor",
    "github.com/golang/protobuf/ptypes",
    "github.com/golang/protobuf/ptypes/any",
    "github.com/golang/protobuf/ptypes/duration",
    "github.com/golang/protobuf/ptypes/timestamp",
    "github.com/golang/protobuf/ptypes/wrappers",
    "github.com/iancoleman/strcase",
    "github.com/lyft/protoc-gen-star",
    "github.com/lyft/protoc-gen-star/lang/go",
    "golang.org/x/lint/golint",
    "golang.org/x/net/context",
    "golang.org/x/tools/go/analysis/passes/shadow/cmd/shadow",
  ]
  solver-name = "gps-cdcl"
  solver-version = 1
