# Generated by buf. DO NOT EDIT.
version: v1
deps:
  - remote: buf.build
    owner: bufbuild
    repository: protovalidate
    commit: 0d3e8b6c2afa428484fec5b5d5811a22
    digest: shake256:1541099dc1e4215da9a1ea3f2028170d7abb9442e24bf17f24dcab79f05d5a25cb954bad9bc3b953129731a260b785a73ca604202ffae93a4afd2e9de4c38adf
  - remote: buf.build
    owner: envoyproxy
    repository: protoc-gen-validate
    commit: 6607b10f00ed4a3d98f906807131c44a
    digest: shake256:acc7b2ededb2f88d296862943a003b157bdb68ec93ed13dcd8566b2d06e47993ea6daf12013b9655658aaf6bbdb141cf65bfe400ce2870f4654b0a5b45e57c09
